
Microsoft Visual Studio Solution File, Format Version 12.00
# Visual Studio Version 17
VisualStudioVersion = 17.14.36414.22 d17.14
MinimumVisualStudioVersion = 10.0.40219.1
Project("{FAE04EC0-301F-11D3-BF4B-00C04F79EFBC}") = "WBMajestySystem", "WBMajestySystem\WBMajestySystem.csproj", "{D1179278-9441-4C64-AC48-15B764BEC831}"
EndProject
Global
	GlobalSection(SolutionConfigurationPlatforms) = preSolution
		Debug|Any CPU = Debug|Any CPU
		Release|Any CPU = Release|Any CPU
	EndGlobalSection
	GlobalSection(ProjectConfigurationPlatforms) = postSolution
		{D1179278-9441-4C64-AC48-15B764BEC831}.Debug|Any CPU.ActiveCfg = Debug|Any CPU
		{D1179278-9441-4C64-AC48-15B764BEC831}.Debug|Any CPU.Build.0 = Debug|Any CPU
		{D1179278-9441-4C64-AC48-15B764BEC831}.Release|Any CPU.ActiveCfg = Release|Any CPU
		{D1179278-9441-4C64-AC48-15B764BEC831}.Release|Any CPU.Build.0 = Release|Any CPU
	EndGlobalSection
	GlobalSection(SolutionProperties) = preSolution
		HideSolutionNode = FALSE
	EndGlobalSection
	GlobalSection(ExtensibilityGlobals) = postSolution
		SolutionGuid = {B08E363B-3BEC-4C93-9BB7-0C90DA4E7F27}
	EndGlobalSection
EndGlobal
